
Microsoft Visual Studio Solution File, Format Version 12.00
# Visual Studio 14
VisualStudioVersion = 14.0.24720.0
MinimumVisualStudioVersion = 10.0.40219.1
Project("{FAE04EC0-301F-11D3-BF4B-00C04F79EFBC}") = "TaskTracker", "TaskTracker\TaskTracker.csproj", "{BB695BAB-6BEF-4DD3-BF95-39489FFD9964}"
EndProject
Project("{FAE04EC0-301F-11D3-BF4B-00C04F79EFBC}") = "TaskTracker.Tests", "TaskTracker.tests\TaskTracker.Tests.csproj", "{798870EA-14E9-42F7-8D25-F2F5A86121BC}"
EndProject
Project("{FAE04EC0-301F-11D3-BF4B-00C04F79EFBC}") = "TaskTracker.Database", "TaskTracker.Database\TaskTracker.Database.csproj", "{A221C187-BC5A-4DD5-A913-F2D099AAAA58}"
EndProject
Global
	GlobalSection(SolutionConfigurationPlatforms) = preSolution
		Debug|Any CPU = Debug|Any CPU
		Release|Any CPU = Release|Any CPU
	EndGlobalSection
	GlobalSection(ProjectConfigurationPlatforms) = postSolution
		{BB695BAB-6BEF-4DD3-BF95-39489FFD9964}.Debug|Any CPU.ActiveCfg = Debug|Any CPU
		{BB695BAB-6BEF-4DD3-BF95-39489FFD9964}.Debug|Any CPU.Build.0 = Debug|Any CPU
		{BB695BAB-6BEF-4DD3-BF95-39489FFD9964}.Release|Any CPU.ActiveCfg = Release|Any CPU
		{BB695BAB-6BEF-4DD3-BF95-39489FFD9964}.Release|Any CPU.Build.0 = Release|Any CPU
		{798870EA-14E9-42F7-8D25-F2F5A86121BC}.Debug|Any CPU.ActiveCfg = Debug|Any CPU
		{798870EA-14E9-42F7-8D25-F2F5A86121BC}.Debug|Any CPU.Build.0 = Debug|Any CPU
		{798870EA-14E9-42F7-8D25-F2F5A86121BC}.Release|Any CPU.ActiveCfg = Release|Any CPU
		{798870EA-14E9-42F7-8D25-F2F5A86121BC}.Release|Any CPU.Build.0 = Release|Any CPU
		{A221C187-BC5A-4DD5-A913-F2D099AAAA58}.Debug|Any CPU.ActiveCfg = Debug|Any CPU
		{A221C187-BC5A-4DD5-A913-F2D099AAAA58}.Debug|Any CPU.Build.0 = Debug|Any CPU
		{A221C187-BC5A-4DD5-A913-F2D099AAAA58}.Release|Any CPU.ActiveCfg = Release|Any CPU
		{A221C187-BC5A-4DD5-A913-F2D099AAAA58}.Release|Any CPU.Build.0 = Release|Any CPU
	EndGlobalSection
	GlobalSection(SolutionProperties) = preSolution
		HideSolutionNode = FALSE
	EndGlobalSection
EndGlobal
