
Microsoft Visual Studio Solution File, Format Version 12.00
# Visual Studio 14
VisualStudioVersion = 14.0.24720.0
MinimumVisualStudioVersion = 10.0.40219.1
Project("{FAE04EC0-301F-11D3-BF4B-00C04F79EFBC}") = "TaskTracker", "TaskTracker\TaskTracker.csproj", "{BB695BAB-6BEF-4DD3-BF95-39489FFD9964}"
EndProject
Project("{FAE04EC0-301F-11D3-BF4B-00C04F79EFBC}") = "TaskTracker.Tests", "TaskTracker.Tests\TaskTracker.Tests.csproj", "{621F6500-50AF-42FB-BDBB-B3282C84C768}"
EndProject
Global
	GlobalSection(SolutionConfigurationPlatforms) = preSolution
		Debug|Any CPU = Debug|Any CPU
		Release|Any CPU = Release|Any CPU
	EndGlobalSection
	GlobalSection(ProjectConfigurationPlatforms) = postSolution
		{BB695BAB-6BEF-4DD3-BF95-39489FFD9964}.Debug|Any CPU.ActiveCfg = Debug|Any CPU
		{BB695BAB-6BEF-4DD3-BF95-39489FFD9964}.Debug|Any CPU.Build.0 = Debug|Any CPU
		{BB695BAB-6BEF-4DD3-BF95-39489FFD9964}.Release|Any CPU.ActiveCfg = Release|Any CPU
		{BB695BAB-6BEF-4DD3-BF95-39489FFD9964}.Release|Any CPU.Build.0 = Release|Any CPU
		{621F6500-50AF-42FB-BDBB-B3282C84C768}.Debug|Any CPU.ActiveCfg = Debug|Any CPU
		{621F6500-50AF-42FB-BDBB-B3282C84C768}.Debug|Any CPU.Build.0 = Debug|Any CPU
		{621F6500-50AF-42FB-BDBB-B3282C84C768}.Release|Any CPU.ActiveCfg = Release|Any CPU
		{621F6500-50AF-42FB-BDBB-B3282C84C768}.Release|Any CPU.Build.0 = Release|Any CPU
	EndGlobalSection
	GlobalSection(SolutionProperties) = preSolution
		HideSolutionNode = FALSE
	EndGlobalSection
EndGlobal
